
Microsoft Visual Studio Solution File, Format Version 12.00
# Visual Studio Version 17
VisualStudioVersion = 17.6.33927.249
MinimumVisualStudioVersion = 10.0.40219.1
Project("{FAE04EC0-301F-11D3-BF4B-00C04F79EFBC}") = "M9 Lab", "M9 Lab\M9 Lab.csproj", "{A2F2C1FA-B713-4A64-8AC6-7456577EE1D6}"
EndProject
Global
	GlobalSection(SolutionConfigurationPlatforms) = preSolution
		Debug|Any CPU = Debug|Any CPU
		Release|Any CPU = Release|Any CPU
	EndGlobalSection
	GlobalSection(ProjectConfigurationPlatforms) = postSolution
		{A2F2C1FA-B713-4A64-8AC6-7456577EE1D6}.Debug|Any CPU.ActiveCfg = Debug|Any CPU
		{A2F2C1FA-B713-4A64-8AC6-7456577EE1D6}.Debug|Any CPU.Build.0 = Debug|Any CPU
		{A2F2C1FA-B713-4A64-8AC6-7456577EE1D6}.Release|Any CPU.ActiveCfg = Release|Any CPU
		{A2F2C1FA-B713-4A64-8AC6-7456577EE1D6}.Release|Any CPU.Build.0 = Release|Any CPU
	EndGlobalSection
	GlobalSection(SolutionProperties) = preSolution
		HideSolutionNode = FALSE
	EndGlobalSection
	GlobalSection(ExtensibilityGlobals) = postSolution
		SolutionGuid = {3470F5A4-5EB7-4F28-B636-718F5739B3AD}
	EndGlobalSection
EndGlobal
